
Microsoft Visual Studio Solution File, Format Version 11.00
# Visual Studio 2010
# SharpDevelop 4.4
Project("{FAE04EC0-301F-11D3-BF4B-00C04F79EFBC}") = "CASListener", "CASListener\CASListener.csproj", "{F3BAFD94-0A31-4271-842D-29F7C079291C}"
EndProject
Global
	GlobalSection(SolutionConfigurationPlatforms) = preSolution
		Debug|Any CPU = Debug|Any CPU
		Release|Any CPU = Release|Any CPU
	EndGlobalSection
	GlobalSection(ProjectConfigurationPlatforms) = postSolution
		{F3BAFD94-0A31-4271-842D-29F7C079291C}.Debug|Any CPU.Build.0 = Debug|Any CPU
		{F3BAFD94-0A31-4271-842D-29F7C079291C}.Debug|Any CPU.ActiveCfg = Debug|Any CPU
		{F3BAFD94-0A31-4271-842D-29F7C079291C}.Release|Any CPU.Build.0 = Release|Any CPU
		{F3BAFD94-0A31-4271-842D-29F7C079291C}.Release|Any CPU.ActiveCfg = Release|Any CPU
	EndGlobalSection
EndGlobal
